
Microsoft Visual Studio Solution File, Format Version 12.00
# Visual Studio Version 17
VisualStudioVersion = 17.7.34003.232
MinimumVisualStudioVersion = 10.0.40219.1
Project("{FAE04EC0-301F-11D3-BF4B-00C04F79EFBC}") = "BarberShop2024.Server", "BarberShop2024\Server\BarberShop2024.Server.csproj", "{2554C29C-CEAE-41E7-9259-43BA431E9BFD}"
EndProject
Project("{FAE04EC0-301F-11D3-BF4B-00C04F79EFBC}") = "BarberShop2024.Client", "BarberShop2024\Client\BarberShop2024.Client.csproj", "{FE4377FC-4FFF-4151-8563-5F145EFF3972}"
EndProject
Project("{FAE04EC0-301F-11D3-BF4B-00C04F79EFBC}") = "BarberShop2024.Shared", "BarberShop2024\Shared\BarberShop2024.Shared.csproj", "{D037817A-4500-4AAD-83FA-2816B110B3F5}"
EndProject
Global
	GlobalSection(SolutionConfigurationPlatforms) = preSolution
		Debug|Any CPU = Debug|Any CPU
		Release|Any CPU = Release|Any CPU
	EndGlobalSection
	GlobalSection(ProjectConfigurationPlatforms) = postSolution
		{2554C29C-CEAE-41E7-9259-43BA431E9BFD}.Debug|Any CPU.ActiveCfg = Debug|Any CPU
		{2554C29C-CEAE-41E7-9259-43BA431E9BFD}.Debug|Any CPU.Build.0 = Debug|Any CPU
		{2554C29C-CEAE-41E7-9259-43BA431E9BFD}.Release|Any CPU.ActiveCfg = Release|Any CPU
		{2554C29C-CEAE-41E7-9259-43BA431E9BFD}.Release|Any CPU.Build.0 = Release|Any CPU
		{FE4377FC-4FFF-4151-8563-5F145EFF3972}.Debug|Any CPU.ActiveCfg = Debug|Any CPU
		{FE4377FC-4FFF-4151-8563-5F145EFF3972}.Debug|Any CPU.Build.0 = Debug|Any CPU
		{FE4377FC-4FFF-4151-8563-5F145EFF3972}.Release|Any CPU.ActiveCfg = Release|Any CPU
		{FE4377FC-4FFF-4151-8563-5F145EFF3972}.Release|Any CPU.Build.0 = Release|Any CPU
		{D037817A-4500-4AAD-83FA-2816B110B3F5}.Debug|Any CPU.ActiveCfg = Debug|Any CPU
		{D037817A-4500-4AAD-83FA-2816B110B3F5}.Debug|Any CPU.Build.0 = Debug|Any CPU
		{D037817A-4500-4AAD-83FA-2816B110B3F5}.Release|Any CPU.ActiveCfg = Release|Any CPU
		{D037817A-4500-4AAD-83FA-2816B110B3F5}.Release|Any CPU.Build.0 = Release|Any CPU
	EndGlobalSection
	GlobalSection(SolutionProperties) = preSolution
		HideSolutionNode = FALSE
	EndGlobalSection
	GlobalSection(ExtensibilityGlobals) = postSolution
		SolutionGuid = {3E949541-A2CA-45AA-A0FC-38F3440340DF}
	EndGlobalSection
EndGlobal
